
Microsoft Visual Studio Solution File, Format Version 12.00
# Visual Studio 15
VisualStudioVersion = 15.0.28306.52
MinimumVisualStudioVersion = 10.0.40219.1
Project("{FAE04EC0-301F-11D3-BF4B-00C04F79EFBC}") = "WpfApp2", "WpfApp2\WpfApp2.csproj", "{7A695D18-5648-407B-AAA0-97A46D5A334A}"
EndProject
Global
	GlobalSection(SolutionConfigurationPlatforms) = preSolution
		Debug|Any CPU = Debug|Any CPU
		Release|Any CPU = Release|Any CPU
	EndGlobalSection
	GlobalSection(ProjectConfigurationPlatforms) = postSolution
		{7A695D18-5648-407B-AAA0-97A46D5A334A}.Debug|Any CPU.ActiveCfg = Debug|Any CPU
		{7A695D18-5648-407B-AAA0-97A46D5A334A}.Debug|Any CPU.Build.0 = Debug|Any CPU
		{7A695D18-5648-407B-AAA0-97A46D5A334A}.Release|Any CPU.ActiveCfg = Release|Any CPU
		{7A695D18-5648-407B-AAA0-97A46D5A334A}.Release|Any CPU.Build.0 = Release|Any CPU
	EndGlobalSection
	GlobalSection(SolutionProperties) = preSolution
		HideSolutionNode = FALSE
	EndGlobalSection
	GlobalSection(ExtensibilityGlobals) = postSolution
		SolutionGuid = {9D1E02A0-6AEB-4E21-8548-F7E392F6EEAF}
	EndGlobalSection
EndGlobal
